
Microsoft Visual Studio Solution File, Format Version 12.00
# Visual Studio Version 17
Project("{8BC9CEB8-8B4A-11D0-8D11-00A0C91BC942}") = "ALL_BUILD", "ALL_BUILD.vcxproj", "{ACD8E64B-0E5F-315F-9A4A-B68F9B255F39}"
	ProjectSection(ProjectDependencies) = postProject
		{6C8F7312-BC29-346E-A069-3B48C5CC490B} = {6C8F7312-BC29-346E-A069-3B48C5CC490B}
		{FF7052D1-0687-3DA9-9252-D00F37A21E69} = {FF7052D1-0687-3DA9-9252-D00F37A21E69}
		{F512B03D-0850-3DFB-868D-D0DF753EE022} = {F512B03D-0850-3DFB-868D-D0DF753EE022}
		{48E55C94-5CB4-302D-B141-DFA7B1567536} = {48E55C94-5CB4-302D-B141-DFA7B1567536}
		{3885F3BF-DF1D-34CA-BAA1-6998D39171D8} = {3885F3BF-DF1D-34CA-BAA1-6998D39171D8}
	EndProjectSection
EndProject
Project("{8BC9CEB8-8B4A-11D0-8D11-00A0C91BC942}") = "PQueue", "src\PQueue.vcxproj", "{6C8F7312-BC29-346E-A069-3B48C5CC490B}"
	ProjectSection(ProjectDependencies) = postProject
		{FF7052D1-0687-3DA9-9252-D00F37A21E69} = {FF7052D1-0687-3DA9-9252-D00F37A21E69}
	EndProjectSection
EndProject
Project("{8BC9CEB8-8B4A-11D0-8D11-00A0C91BC942}") = "ZERO_CHECK", "ZERO_CHECK.vcxproj", "{FF7052D1-0687-3DA9-9252-D00F37A21E69}"
	ProjectSection(ProjectDependencies) = postProject
	EndProjectSection
EndProject
Project("{8BC9CEB8-8B4A-11D0-8D11-00A0C91BC942}") = "gtest", "gtest\gtest.vcxproj", "{F512B03D-0850-3DFB-868D-D0DF753EE022}"
	ProjectSection(ProjectDependencies) = postProject
		{FF7052D1-0687-3DA9-9252-D00F37A21E69} = {FF7052D1-0687-3DA9-9252-D00F37A21E69}
	EndProjectSection
EndProject
Project("{8BC9CEB8-8B4A-11D0-8D11-00A0C91BC942}") = "sample_PQueue", "samples\sample_PQueue.vcxproj", "{48E55C94-5CB4-302D-B141-DFA7B1567536}"
	ProjectSection(ProjectDependencies) = postProject
		{6C8F7312-BC29-346E-A069-3B48C5CC490B} = {6C8F7312-BC29-346E-A069-3B48C5CC490B}
		{FF7052D1-0687-3DA9-9252-D00F37A21E69} = {FF7052D1-0687-3DA9-9252-D00F37A21E69}
	EndProjectSection
EndProject
Project("{8BC9CEB8-8B4A-11D0-8D11-00A0C91BC942}") = "tests_PQueue", "tests\tests_PQueue.vcxproj", "{3885F3BF-DF1D-34CA-BAA1-6998D39171D8}"
	ProjectSection(ProjectDependencies) = postProject
		{6C8F7312-BC29-346E-A069-3B48C5CC490B} = {6C8F7312-BC29-346E-A069-3B48C5CC490B}
		{FF7052D1-0687-3DA9-9252-D00F37A21E69} = {FF7052D1-0687-3DA9-9252-D00F37A21E69}
		{F512B03D-0850-3DFB-868D-D0DF753EE022} = {F512B03D-0850-3DFB-868D-D0DF753EE022}
	EndProjectSection
EndProject
Global
	GlobalSection(SolutionConfigurationPlatforms) = preSolution
		Debug|x64 = Debug|x64
		Release|x64 = Release|x64
	EndGlobalSection
	GlobalSection(ProjectConfigurationPlatforms) = postSolution
		{ACD8E64B-0E5F-315F-9A4A-B68F9B255F39}.Debug|x64.ActiveCfg = Debug|x64
		{ACD8E64B-0E5F-315F-9A4A-B68F9B255F39}.Release|x64.ActiveCfg = Release|x64
		{6C8F7312-BC29-346E-A069-3B48C5CC490B}.Debug|x64.ActiveCfg = Debug|x64
		{6C8F7312-BC29-346E-A069-3B48C5CC490B}.Debug|x64.Build.0 = Debug|x64
		{6C8F7312-BC29-346E-A069-3B48C5CC490B}.Release|x64.ActiveCfg = Release|x64
		{6C8F7312-BC29-346E-A069-3B48C5CC490B}.Release|x64.Build.0 = Release|x64
		{FF7052D1-0687-3DA9-9252-D00F37A21E69}.Debug|x64.ActiveCfg = Debug|x64
		{FF7052D1-0687-3DA9-9252-D00F37A21E69}.Debug|x64.Build.0 = Debug|x64
		{FF7052D1-0687-3DA9-9252-D00F37A21E69}.Release|x64.ActiveCfg = Release|x64
		{FF7052D1-0687-3DA9-9252-D00F37A21E69}.Release|x64.Build.0 = Release|x64
		{F512B03D-0850-3DFB-868D-D0DF753EE022}.Debug|x64.ActiveCfg = Debug|x64
		{F512B03D-0850-3DFB-868D-D0DF753EE022}.Debug|x64.Build.0 = Debug|x64
		{F512B03D-0850-3DFB-868D-D0DF753EE022}.Release|x64.ActiveCfg = Release|x64
		{F512B03D-0850-3DFB-868D-D0DF753EE022}.Release|x64.Build.0 = Release|x64
		{48E55C94-5CB4-302D-B141-DFA7B1567536}.Debug|x64.ActiveCfg = Debug|x64
		{48E55C94-5CB4-302D-B141-DFA7B1567536}.Debug|x64.Build.0 = Debug|x64
		{48E55C94-5CB4-302D-B141-DFA7B1567536}.Release|x64.ActiveCfg = Release|x64
		{48E55C94-5CB4-302D-B141-DFA7B1567536}.Release|x64.Build.0 = Release|x64
		{3885F3BF-DF1D-34CA-BAA1-6998D39171D8}.Debug|x64.ActiveCfg = Debug|x64
		{3885F3BF-DF1D-34CA-BAA1-6998D39171D8}.Debug|x64.Build.0 = Debug|x64
		{3885F3BF-DF1D-34CA-BAA1-6998D39171D8}.Release|x64.ActiveCfg = Release|x64
		{3885F3BF-DF1D-34CA-BAA1-6998D39171D8}.Release|x64.Build.0 = Release|x64
	EndGlobalSection
	GlobalSection(ExtensibilityGlobals) = postSolution
		SolutionGuid = {8C17E9E8-5B66-39F0-85DA-6AFC0E88CE55}
	EndGlobalSection
	GlobalSection(ExtensibilityAddIns) = postSolution
	EndGlobalSection
EndGlobal
